
Microsoft Visual Studio Solution File, Format Version 12.00
# Visual Studio Version 17
VisualStudioVersion = 17.5.002.0
MinimumVisualStudioVersion = 10.0.40219.1
Project("{9A19103F-16F7-4668-BE54-9A1E7A4F7556}") = "HeroesVsMonsterV2", "HeroesVsMonsterV2.csproj", "{140EEFED-FE29-4262-84C6-AF184251412E}"
EndProject
Global
	GlobalSection(SolutionConfigurationPlatforms) = preSolution
		Debug|Any CPU = Debug|Any CPU
		Release|Any CPU = Release|Any CPU
	EndGlobalSection
	GlobalSection(ProjectConfigurationPlatforms) = postSolution
		{140EEFED-FE29-4262-84C6-AF184251412E}.Debug|Any CPU.ActiveCfg = Debug|Any CPU
		{140EEFED-FE29-4262-84C6-AF184251412E}.Debug|Any CPU.Build.0 = Debug|Any CPU
		{140EEFED-FE29-4262-84C6-AF184251412E}.Release|Any CPU.ActiveCfg = Release|Any CPU
		{140EEFED-FE29-4262-84C6-AF184251412E}.Release|Any CPU.Build.0 = Release|Any CPU
	EndGlobalSection
	GlobalSection(SolutionProperties) = preSolution
		HideSolutionNode = FALSE
	EndGlobalSection
	GlobalSection(ExtensibilityGlobals) = postSolution
		SolutionGuid = {125A4BEE-814F-4D2E-BF50-83F55866C096}
	EndGlobalSection
EndGlobal
